
Microsoft Visual Studio Solution File, Format Version 12.00
# Visual Studio Version 16
VisualStudioVersion = 16.0.32602.291
MinimumVisualStudioVersion = 10.0.40219.1
Project("{D2ABAB84-BF74-430A-B69E-9DC6D40DDA17}") = "Umsatz_S83794", "Meilenstein 2\Umsatz_S83794.dwproj", "{459047ED-3C3E-4693-B27A-388F40C914E6}"
EndProject
Global
	GlobalSection(SolutionConfigurationPlatforms) = preSolution
		Development|Default = Development|Default
	EndGlobalSection
	GlobalSection(ProjectConfigurationPlatforms) = postSolution
		{459047ED-3C3E-4693-B27A-388F40C914E6}.Development|Default.ActiveCfg = Development
		{459047ED-3C3E-4693-B27A-388F40C914E6}.Development|Default.Build.0 = Development
		{459047ED-3C3E-4693-B27A-388F40C914E6}.Development|Default.Deploy.0 = Development
	EndGlobalSection
	GlobalSection(SolutionProperties) = preSolution
		HideSolutionNode = FALSE
	EndGlobalSection
	GlobalSection(ExtensibilityGlobals) = postSolution
		SolutionGuid = {655F23CB-2421-4F5A-814D-C5ABD32A5349}
	EndGlobalSection
EndGlobal
